# This file is autogenerated, do not edit; changes may be undone by the next 'dep ensure'.


[[projects]]
  name = "github.com/evanphx/json-patch"
  packages = ["."]
  revision = "afac545df32f2287a079e2dfb7ba2745a643747e"
  version = "v3.0.0"

[solve-meta]
  analyzer-name = "dep"
  analyzer-version = 1
  inputs-digest = "b8556d59a6a83585759da97d85b1e7560edb9c4436ce432e1408c91e98c66ba2"
  solver-name = "gps-cdcl"
  solver-version = 1
